{
  "requires": true,
  "lockfileVersion": 1,
  "dependencies": {
    "agora-rtc-sdk": {
      "version": "3.4.0",
      "resolved": "https://registry.npmjs.org/agora-rtc-sdk/-/agora-rtc-sdk-3.4.0.tgz",
      "integrity": "sha512-5DdZ0Dk6v9Wq77X6vfVbtisbOagPEc6Y4dDlF85z4yU5Vr+gEb1l4pN6Hja7brkbj70TTKQKtGGzVs9Sj2Aobg=="
    }
  }
}
